dependencies:
  espressif/eppp_link:
    component_hash: 9472e6825f4bb71eca2b39cf1bc92659c1ac60bfd7416560ad033a7dd8641b17
    dependencies:
    - name: espressif/esp_serial_slave_link
      registry_url: https://components.espressif.com
      require: private
      version: ^1.1.0
    - name: idf
      require: private
      version: '>=5.2'
    source:
      registry_url: https://components.espressif.com
      type: service
    version: 1.1.4
  espressif/esp_hosted:
    component_hash: ec3737beb3bb6a2772e1a33a0cec7dfba372794942e2ba0f5f589e1644ed65ec
    dependencies:
    - name: idf
      require: private
      version: '>=5.3'
    source:
      registry_url: https://components.espressif.com
      type: service
    version: 2.8.3
  espressif/esp_serial_slave_link:
    component_hash: ac1776806de0a6e371c84e87898bb983e19ce62aa7f1e2e5c4a3b0234a575d2c
    dependencies:
    - name: idf
      require: private
      version: '>=5.0'
    source:
      registry_url: https://components.espressif.com
      type: service
    version: 1.1.2
  espressif/esp_wifi_remote:
    component_hash: b47955c63b9472f7a2e97484d0e78782d31800a03d882654954ae59d2a6ced53
    dependencies:
    - name: idf
      require: private
      version: '>=5.3'
    - name: espressif/esp_hosted
      registry_url: https://components.espressif.com
      require: private
      rules:
      - if: target in [esp32h2, esp32p4]
      version: '>=0.0.6'
    - name: espressif/wifi_remote_over_eppp
      registry_url: https://components.espressif.com
      require: private
      version: '>=0.1'
    source:
      registry_url: https://components.espressif.com/
      type: service
    version: 1.1.5
  espressif/wifi_remote_over_eppp:
    component_hash: e1b4c485ed5afe36615b9b555dfdcbe4be33898dc3732b5bedf235bba45bd286
    dependencies:
    - name: espressif/eppp_link
      registry_url: https://components.espressif.com
      require: private
      version: '>=0.1'
    - name: idf
      require: private
      version: '>=5.3'
    source:
      registry_url: https://components.espressif.com
      type: service
    version: 0.3.0
  idf:
    source:
      type: idf
    version: 5.5.1
direct_dependencies:
- espressif/esp_wifi_remote
manifest_hash: fa6ea4dd3e759547c4b5f8adab05c660e195cf472da9cf714384c97d3c45fa8d
target: esp32p4
version: 2.0.0
